
Microsoft Visual Studio Solution File, Format Version 12.00
# Visual Studio 15
VisualStudioVersion = 15.0.27004.2008
MinimumVisualStudioVersion = 10.0.40219.1
Project("{FAE04EC0-301F-11D3-BF4B-00C04F79EFBC}") = "WpfSerwerTCP", "WpfSerwerTCP\WpfSerwerTCP.csproj", "{3BFB6AC9-4DA5-4D80-8DC2-98272A667A9F}"
EndProject
Global
	GlobalSection(SolutionConfigurationPlatforms) = preSolution
		Debug|Any CPU = Debug|Any CPU
		Release|Any CPU = Release|Any CPU
	EndGlobalSection
	GlobalSection(ProjectConfigurationPlatforms) = postSolution
		{3BFB6AC9-4DA5-4D80-8DC2-98272A667A9F}.Debug|Any CPU.ActiveCfg = Debug|Any CPU
		{3BFB6AC9-4DA5-4D80-8DC2-98272A667A9F}.Debug|Any CPU.Build.0 = Debug|Any CPU
		{3BFB6AC9-4DA5-4D80-8DC2-98272A667A9F}.Release|Any CPU.ActiveCfg = Release|Any CPU
		{3BFB6AC9-4DA5-4D80-8DC2-98272A667A9F}.Release|Any CPU.Build.0 = Release|Any CPU
	EndGlobalSection
	GlobalSection(SolutionProperties) = preSolution
		HideSolutionNode = FALSE
	EndGlobalSection
	GlobalSection(ExtensibilityGlobals) = postSolution
		SolutionGuid = {9C1CB248-432A-48EC-855E-DB3183207BE1}
	EndGlobalSection
EndGlobal
